{
  "requires": true,
  "lockfileVersion": 1,
  "dependencies": {
    "@ngx-translate/core": {
      "version": "12.1.2",
      "resolved": "https://registry.npmjs.org/@ngx-translate/core/-/core-12.1.2.tgz",
      "integrity": "sha512-ZudJsqIxTKlLmPoqK8gJY3UpMGujR0Xm7HfXL6AR79yGRS23QqpjAhMfx4v5qUCcHMmQ9/78bW8QJLfp31c7vQ=="
    }
  }
}
